// !$*UTF8*$!
{
	archiveVersion = 1;
	classes = {
	};
	objectVersion = 56;
	objects = {

/* Begin PBXBuildFile section */
		F8018221298F7E1C006E01F6 /* AppDelegate.swift in Sources */ = {isa = PBXBuildFile; fileRef = F8018220298F7E1C006E01F6 /* AppDelegate.swift */; };
		F8018223298F7E1C006E01F6 /* SceneDelegate.swift in Sources */ = {isa = PBXBuildFile; fileRef = F8018222298F7E1C006E01F6 /* SceneDelegate.swift */; };
		F8018225298F7E1C006E01F6 /* ViewController.swift in Sources */ = {isa = PBXBuildFile; fileRef = F8018224298F7E1C006E01F6 /* ViewController.swift */; };
		F8018228298F7E1C006E01F6 /* Main.storyboard in Resources */ = {isa = PBXBuildFile; fileRef = F8018226298F7E1C006E01F6 /* Main.storyboard */; };
		F801822A298F7E1D006E01F6 /* Assets.xcassets in Resources */ = {isa = PBXBuildFile; fileRef = F8018229298F7E1D006E01F6 /* Assets.xcassets */; };
		F801822D298F7E1D006E01F6 /* LaunchScreen.storyboard in Resources */ = {isa = PBXBuildFile; fileRef = F801822B298F7E1D006E01F6 /* LaunchScreen.storyboard */; };
		F87854D02990D0C800EC699F /* Tracking.h in Headers */ = {isa = PBXBuildFile; fileRef = F87854CF2990D0C800EC699F /* Tracking.h */; settings = {ATTRIBUTES = (Public, ); }; };
		F87854D32990D0C800EC699F /* Tracking.framework in Frameworks */ = {isa = PBXBuildFile; fileRef = F87854CD2990D0C800EC699F /* Tracking.framework */; };
		F87854D42990D0C800EC699F /* Tracking.framework in Embed Frameworks */ = {isa = PBXBuildFile; fileRef = F87854CD2990D0C800EC699F /* Tracking.framework */; settings = {ATTRIBUTES = (CodeSignOnCopy, RemoveHeadersOnCopy, ); }; };
		F87854DA2990D0D900EC699F /* DeviceTracker.swift in Sources */ = {isa = PBXBuildFile; fileRef = F87854D92990D0D900EC699F /* DeviceTracker.swift */; };
		F87854DC2990D63500EC699F /* Extensions.swift in Sources */ = {isa = PBXBuildFile; fileRef = F87854DB2990D63500EC699F /* Extensions.swift */; };
/* End PBXBuildFile section */

/* Begin PBXContainerItemProxy section */
		F87854D12990D0C800EC699F /* PBXContainerItemProxy */ = {
			isa = PBXContainerItemProxy;
			containerPortal = F8018215298F7E1C006E01F6 /* Project object */;
			proxyType = 1;
			remoteGlobalIDString = F87854CC2990D0C800EC699F;
			remoteInfo = Tracking;
		};
/* End PBXContainerItemProxy section */

/* Begin PBXCopyFilesBuildPhase section */
		F87854D52990D0C800EC699F /* Embed Frameworks */ = {
			isa = PBXCopyFilesBuildPhase;
			buildActionMask = 2147483647;
			dstPath = "";
			dstSubfolderSpec = 10;
			files = (
				F87854D42990D0C800EC699F /* Tracking.framework in Embed Frameworks */,
			);
			name = "Embed Frameworks";
			runOnlyForDeploymentPostprocessing = 0;
		};
/* End PBXCopyFilesBuildPhase section */

/* Begin PBXFileReference section */
		F801821D298F7E1C006E01F6 /* Upwork.app */ = {isa = PBXFileReference; explicitFileType = wrapper.application; includeInIndex = 0; path = Upwork.app; sourceTree = BUILT_PRODUCTS_DIR; };
		F8018220298F7E1C006E01F6 /* AppDelegate.swift */ = {isa = PBXFileReference; lastKnownFileType = sourcecode.swift; path = AppDelegate.swift; sourceTree = "<group>"; };
		F8018222298F7E1C006E01F6 /* SceneDelegate.swift */ = {isa = PBXFileReference; lastKnownFileType = sourcecode.swift; path = SceneDelegate.swift; sourceTree = "<group>"; };
		F8018224298F7E1C006E01F6 /* ViewController.swift */ = {isa = PBXFileReference; lastKnownFileType = sourcecode.swift; path = ViewController.swift; sourceTree = "<group>"; };
		F8018227298F7E1C006E01F6 /* Base */ = {isa = PBXFileReference; lastKnownFileType = file.storyboard; name = Base; path = Base.lproj/Main.storyboard; sourceTree = "<group>"; };
		F8018229298F7E1D006E01F6 /* Assets.xcassets */ = {isa = PBXFileReference; lastKnownFileType = folder.assetcatalog; path = Assets.xcassets; sourceTree = "<group>"; };
		F801822C298F7E1D006E01F6 /* Base */ = {isa = PBXFileReference; lastKnownFileType = file.storyboard; name = Base; path = Base.lproj/LaunchScreen.storyboard; sourceTree = "<group>"; };
		F801822E298F7E1D006E01F6 /* Info.plist */ = {isa = PBXFileReference; lastKnownFileType = text.plist.xml; path = Info.plist; sourceTree = "<group>"; };
		F87854CD2990D0C800EC699F /* Tracking.framework */ = {isa = PBXFileReference; explicitFileType = wrapper.framework; includeInIndex = 0; path = Tracking.framework; sourceTree = BUILT_PRODUCTS_DIR; };
		F87854CF2990D0C800EC699F /* Tracking.h */ = {isa = PBXFileReference; lastKnownFileType = sourcecode.c.h; path = Tracking.h; sourceTree = "<group>"; };
		F87854D92990D0D900EC699F /* DeviceTracker.swift */ = {isa = PBXFileReference; lastKnownFileType = sourcecode.swift; path = DeviceTracker.swift; sourceTree = "<group>"; };
		F87854DB2990D63500EC699F /* Extensions.swift */ = {isa = PBXFileReference; lastKnownFileType = sourcecode.swift; path = Extensions.swift; sourceTree = "<group>"; };
/* End PBXFileReference section */

/* Begin PBXFrameworksBuildPhase section */
		F801821A298F7E1C006E01F6 /* Frameworks */ = {
			isa = PBXFrameworksBuildPhase;
			buildActionMask = 2147483647;
			files = (
				F87854D32990D0C800EC699F /* Tracking.framework in Frameworks */,
			);
			runOnlyForDeploymentPostprocessing = 0;
		};
		F87854CA2990D0C800EC699F /* Frameworks */ = {
			isa = PBXFrameworksBuildPhase;
			buildActionMask = 2147483647;
			files = (
			);
			runOnlyForDeploymentPostprocessing = 0;
		};
/* End PBXFrameworksBuildPhase section */

/* Begin PBXGroup section */
		F8018214298F7E1C006E01F6 = {
			isa = PBXGroup;
			children = (
				F801821F298F7E1C006E01F6 /* Upwork */,
				F87854CE2990D0C800EC699F /* Tracking */,
				F801821E298F7E1C006E01F6 /* Products */,
			);
			sourceTree = "<group>";
		};
		F801821E298F7E1C006E01F6 /* Products */ = {
			isa = PBXGroup;
			children = (
				F801821D298F7E1C006E01F6 /* Upwork.app */,
				F87854CD2990D0C800EC699F /* Tracking.framework */,
			);
			name = Products;
			sourceTree = "<group>";
		};
		F801821F298F7E1C006E01F6 /* Upwork */ = {
			isa = PBXGroup;
			children = (
				F8018220298F7E1C006E01F6 /* AppDelegate.swift */,
				F8018222298F7E1C006E01F6 /* SceneDelegate.swift */,
				F8018224298F7E1C006E01F6 /* ViewController.swift */,
				F8018226298F7E1C006E01F6 /* Main.storyboard */,
				F8018229298F7E1D006E01F6 /* Assets.xcassets */,
				F801822B298F7E1D006E01F6 /* LaunchScreen.storyboard */,
				F801822E298F7E1D006E01F6 /* Info.plist */,
			);
			path = Upwork;
			sourceTree = "<group>";
		};
		F87854CE2990D0C800EC699F /* Tracking */ = {
			isa = PBXGroup;
			children = (
				F87854CF2990D0C800EC699F /* Tracking.h */,
				F87854D92990D0D900EC699F /* DeviceTracker.swift */,
				F87854DB2990D63500EC699F /* Extensions.swift */,
			);
			path = Tracking;
			sourceTree = "<group>";
		};
/* End PBXGroup section */

/* Begin PBXHeadersBuildPhase section */
		F87854C82990D0C800EC699F /* Headers */ = {
			isa = PBXHeadersBuildPhase;
			buildActionMask = 2147483647;
			files = (
				F87854D02990D0C800EC699F /* Tracking.h in Headers */,
			);
			runOnlyForDeploymentPostprocessing = 0;
		};
/* End PBXHeadersBuildPhase section */

/* Begin PBXNativeTarget section */
		F801821C298F7E1C006E01F6 /* Upwork */ = {
			isa = PBXNativeTarget;
			buildConfigurationList = F8018231298F7E1D006E01F6 /* Build configuration list for PBXNativeTarget "Upwork" */;
			buildPhases = (
				F8018219298F7E1C006E01F6 /* Sources */,
				F801821A298F7E1C006E01F6 /* Frameworks */,
				F801821B298F7E1C006E01F6 /* Resources */,
				F87854D52990D0C800EC699F /* Embed Frameworks */,
			);
			buildRules = (
			);
			dependencies = (
				F87854D22990D0C800EC699F /* PBXTargetDependency */,
			);
			name = Upwork;
			productName = Upwork;
			productReference = F801821D298F7E1C006E01F6 /* Upwork.app */;
			productType = "com.apple.product-type.application";
		};
		F87854CC2990D0C800EC699F /* Tracking */ = {
			isa = PBXNativeTarget;
			buildConfigurationList = F87854D82990D0C800EC699F /* Build configuration list for PBXNativeTarget "Tracking" */;
			buildPhases = (
				F87854C82990D0C800EC699F /* Headers */,
				F87854C92990D0C800EC699F /* Sources */,
				F87854CA2990D0C800EC699F /* Frameworks */,
				F87854CB2990D0C800EC699F /* Resources */,
			);
			buildRules = (
			);
			dependencies = (
			);
			name = Tracking;
			productName = Tracking;
			productReference = F87854CD2990D0C800EC699F /* Tracking.framework */;
			productType = "com.apple.product-type.framework";
		};
/* End PBXNativeTarget section */

/* Begin PBXProject section */
		F8018215298F7E1C006E01F6 /* Project object */ = {
			isa = PBXProject;
			attributes = {
				BuildIndependentTargetsInParallel = 1;
				LastSwiftUpdateCheck = 1420;
				LastUpgradeCheck = 1420;
				TargetAttributes = {
					F801821C298F7E1C006E01F6 = {
						CreatedOnToolsVersion = 14.2;
					};
					F87854CC2990D0C800EC699F = {
						CreatedOnToolsVersion = 14.2;
						LastSwiftMigration = 1420;
					};
				};
			};
			buildConfigurationList = F8018218298F7E1C006E01F6 /* Build configuration list for PBXProject "Upwork" */;
			compatibilityVersion = "Xcode 14.0";
			developmentRegion = en;
			hasScannedForEncodings = 0;
			knownRegions = (
				en,
				Base,
			);
			mainGroup = F8018214298F7E1C006E01F6;
			productRefGroup = F801821E298F7E1C006E01F6 /* Products */;
			projectDirPath = "";
			projectRoot = "";
			targets = (
				F801821C298F7E1C006E01F6 /* Upwork */,
				F87854CC2990D0C800EC699F /* Tracking */,
			);
		};
/* End PBXProject section */

/* Begin PBXResourcesBuildPhase section */
		F801821B298F7E1C006E01F6 /* Resources */ = {
			isa = PBXResourcesBuildPhase;
			buildActionMask = 2147483647;
			files = (
				F801822D298F7E1D006E01F6 /* LaunchScreen.storyboard in Resources */,
				F801822A298F7E1D006E01F6 /* Assets.xcassets in Resources */,
				F8018228298F7E1C006E01F6 /* Main.storyboard in Resources */,
			);
			runOnlyForDeploymentPostprocessing = 0;
		};
		F87854CB2990D0C800EC699F /* Resources */ = {
			isa = PBXResourcesBuildPhase;
			buildActionMask = 2147483647;
			files = (
			);
			runOnlyForDeploymentPostprocessing = 0;
		};
/* End PBXResourcesBuildPhase section */

/* Begin PBXSourcesBuildPhase section */
		F8018219298F7E1C006E01F6 /* Sources */ = {
			isa = PBXSourcesBuildPhase;
			buildActionMask = 2147483647;
			files = (
				F8018225298F7E1C006E01F6 /* ViewController.swift in Sources */,
				F8018221298F7E1C006E01F6 /* AppDelegate.swift in Sources */,
				F8018223298F7E1C006E01F6 /* SceneDelegate.swift in Sources */,
			);
			runOnlyForDeploymentPostprocessing = 0;
		};
		F87854C92990D0C800EC699F /* Sources */ = {
			isa = PBXSourcesBuildPhase;
			buildActionMask = 2147483647;
			files = (
				F87854DA2990D0D900EC699F /* DeviceTracker.swift in Sources */,
				F87854DC2990D63500EC699F /* Extensions.swift in Sources */,
			);
			runOnlyForDeploymentPostprocessing = 0;
		};
/* End PBXSourcesBuildPhase section */

/* Begin PBXTargetDependency section */
		F87854D22990D0C800EC699F /* PBXTargetDependency */ = {
			isa = PBXTargetDependency;
			target = F87854CC2990D0C800EC699F /* Tracking */;
			targetProxy = F87854D12990D0C800EC699F /* PBXContainerItemProxy */;
		};
/* End PBXTargetDependency section */

/* Begin PBXVariantGroup section */
		F8018226298F7E1C006E01F6 /* Main.storyboard */ = {
			isa = PBXVariantGroup;
			children = (
				F8018227298F7E1C006E01F6 /* Base */,
			);
			name = Main.storyboard;
			sourceTree = "<group>";
		};
		F801822B298F7E1D006E01F6 /* LaunchScreen.storyboard */ = {
			isa = PBXVariantGroup;
			children = (
				F801822C298F7E1D006E01F6 /* Base */,
			);
			name = LaunchScreen.storyboard;
			sourceTree = "<group>";
		};
/* End PBXVariantGroup section */

/* Begin XCBuildConfiguration section */
		F801822F298F7E1D006E01F6 /* Debug */ = {
			isa = XCBuildConfiguration;
			buildSettings = {
				ALWAYS_SEARCH_USER_PATHS = NO;
				CLANG_ANALYZER_NONNULL = YES;
				CLANG_ANALYZER_NUMBER_OBJECT_CONVERSION = YES_AGGRESSIVE;
				CLANG_CXX_LANGUAGE_STANDARD = "gnu++20";
				CLANG_ENABLE_MODULES = YES;
				CLANG_ENABLE_OBJC_ARC = YES;
				CLANG_ENABLE_OBJC_WEAK = YES;
				CLANG_WARN_BLOCK_CAPTURE_AUTORELEASING = YES;
				CLANG_WARN_BOOL_CONVERSION = YES;
				CLANG_WARN_COMMA = YES;
				CLANG_WARN_CONSTANT_CONVERSION = YES;
				CLANG_WARN_DEPRECATED_OBJC_IMPLEMENTATIONS = YES;
				CLANG_WARN_DIRECT_OBJC_ISA_USAGE = YES_ERROR;
				CLANG_WARN_DOCUMENTATION_COMMENTS = YES;
				CLANG_WARN_EMPTY_BODY = YES;
				CLANG_WARN_ENUM_CONVERSION = YES;
				CLANG_WARN_INFINITE_RECURSION = YES;
				CLANG_WARN_INT_CONVERSION = YES;
				CLANG_WARN_NON_LITERAL_NULL_CONVERSION = YES;
				CLANG_WARN_OBJC_IMPLICIT_RETAIN_SELF = YES;
				CLANG_WARN_OBJC_LITERAL_CONVERSION = YES;
				CLANG_WARN_OBJC_ROOT_CLASS = YES_ERROR;
				CLANG_WARN_QUOTED_INCLUDE_IN_FRAMEWORK_HEADER = YES;
				CLANG_WARN_RANGE_LOOP_ANALYSIS = YES;
				CLANG_WARN_STRICT_PROTOTYPES = YES;
				CLANG_WARN_SUSPICIOUS_MOVE = YES;
				CLANG_WARN_UNGUARDED_AVAILABILITY = YES_AGGRESSIVE;
				CLANG_WARN_UNREACHABLE_CODE = YES;
				CLANG_WARN__DUPLICATE_METHOD_MATCH = YES;
				COPY_PHASE_STRIP = NO;
				DEBUG_INFORMATION_FORMAT = dwarf;
				ENABLE_STRICT_OBJC_MSGSEND = YES;
				ENABLE_TESTABILITY = YES;
				GCC_C_LANGUAGE_STANDARD = gnu11;
				GCC_DYNAMIC_NO_PIC = NO;
				GCC_NO_COMMON_BLOCKS = YES;
				GCC_OPTIMIZATION_LEVEL = 0;
				GCC_PREPROCESSOR_DEFINITIONS = (
					"DEBUG=1",
					"$(inherited)",
				);
				GCC_WARN_64_TO_32_BIT_CONVERSION = YES;
				GCC_WARN_ABOUT_RETURN_TYPE = YES_ERROR;
				GCC_WARN_UNDECLARED_SELECTOR = YES;
				GCC_WARN_UNINITIALIZED_AUTOS = YES_AGGRESSIVE;
				GCC_WARN_UNUSED_FUNCTION = YES;
				GCC_WARN_UNUSED_VARIABLE = YES;
				IPHONEOS_DEPLOYMENT_TARGET = 16.2;
				MTL_ENABLE_DEBUG_INFO = INCLUDE_SOURCE;
				MTL_FAST_MATH = YES;
				ONLY_ACTIVE_ARCH = YES;
				SDKROOT = iphoneos;
				SWIFT_ACTIVE_COMPILATION_CONDITIONS = DEBUG;
				SWIFT_OPTIMIZATION_LEVEL = "-Onone";
			};
			name = Debug;
		};
		F8018230298F7E1D006E01F6 /* Release */ = {
			isa = XCBuildConfiguration;
			buildSettings = {
				ALWAYS_SEARCH_USER_PATHS = NO;
				CLANG_ANALYZER_NONNULL = YES;
				CLANG_ANALYZER_NUMBER_OBJECT_CONVERSION = YES_AGGRESSIVE;
				CLANG_CXX_LANGUAGE_STANDARD = "gnu++20";
				CLANG_ENABLE_MODULES = YES;
				CLANG_ENABLE_OBJC_ARC = YES;
				CLANG_ENABLE_OBJC_WEAK = YES;
				CLANG_WARN_BLOCK_CAPTURE_AUTORELEASING = YES;
				CLANG_WARN_BOOL_CONVERSION = YES;
				CLANG_WARN_COMMA = YES;
				CLANG_WARN_CONSTANT_CONVERSION = YES;
				CLANG_WARN_DEPRECATED_OBJC_IMPLEMENTATIONS = YES;
				CLANG_WARN_DIRECT_OBJC_ISA_USAGE = YES_ERROR;
				CLANG_WARN_DOCUMENTATION_COMMENTS = YES;
				CLANG_WARN_EMPTY_BODY = YES;
				CLANG_WARN_ENUM_CONVERSION = YES;
				CLANG_WARN_INFINITE_RECURSION = YES;
				CLANG_WARN_INT_CONVERSION = YES;
				CLANG_WARN_NON_LITERAL_NULL_CONVERSION = YES;
				CLANG_WARN_OBJC_IMPLICIT_RETAIN_SELF = YES;
				CLANG_WARN_OBJC_LITERAL_CONVERSION = YES;
				CLANG_WARN_OBJC_ROOT_CLASS = YES_ERROR;
				CLANG_WARN_QUOTED_INCLUDE_IN_FRAMEWORK_HEADER = YES;
				CLANG_WARN_RANGE_LOOP_ANALYSIS = YES;
				CLANG_WARN_STRICT_PROTOTYPES = YES;
				CLANG_WARN_SUSPICIOUS_MOVE = YES;
				CLANG_WARN_UNGUARDED_AVAILABILITY = YES_AGGRESSIVE;
				CLANG_WARN_UNREACHABLE_CODE = YES;
				CLANG_WARN__DUPLICATE_METHOD_MATCH = YES;
				COPY_PHASE_STRIP = NO;
				DEBUG_INFORMATION_FORMAT = "dwarf-with-dsym";
				ENABLE_NS_ASSERTIONS = NO;
				ENABLE_STRICT_OBJC_MSGSEND = YES;
				GCC_C_LANGUAGE_STANDARD = gnu11;
				GCC_NO_COMMON_BLOCKS = YES;
				GCC_WARN_64_TO_32_BIT_CONVERSION = YES;
				GCC_WARN_ABOUT_RETURN_TYPE = YES_ERROR;
				GCC_WARN_UNDECLARED_SELECTOR = YES;
				GCC_WARN_UNINITIALIZED_AUTOS = YES_AGGRESSIVE;
				GCC_WARN_UNUSED_FUNCTION = YES;
				GCC_WARN_UNUSED_VARIABLE = YES;
				IPHONEOS_DEPLOYMENT_TARGET = 16.2;
				MTL_ENABLE_DEBUG_INFO = NO;
				MTL_FAST_MATH = YES;
				SDKROOT = iphoneos;
				SWIFT_COMPILATION_MODE = wholemodule;
				SWIFT_OPTIMIZATION_LEVEL = "-O";
				VALIDATE_PRODUCT = YES;
			};
			name = Release;
		};
		F8018232298F7E1D006E01F6 /* Debug */ = {
			isa = XCBuildConfiguration;
			buildSettings = {
				ALWAYS_EMBED_SWIFT_STANDARD_LIBRARIES = YES;
				ASSETCATALOG_COMPILER_APPICON_NAME = AppIcon;
				ASSETCATALOG_COMPILER_GLOBAL_ACCENT_COLOR_NAME = AccentColor;
				CODE_SIGN_STYLE = Automatic;
				CURRENT_PROJECT_VERSION = 1;
				DEVELOPMENT_TEAM = 9QS4X9799G;
				GENERATE_INFOPLIST_FILE = YES;
				INFOPLIST_FILE = Upwork/Info.plist;
				INFOPLIST_KEY_UIApplicationSupportsIndirectInputEvents = YES;
				INFOPLIST_KEY_UILaunchStoryboardName = LaunchScreen;
				INFOPLIST_KEY_UIMainStoryboardFile = Main;
				INFOPLIST_KEY_UISupportedInterfaceOrientations_iPad = "UIInterfaceOrientationPortrait UIInterfaceOrientationPortraitUpsideDown UIInterfaceOrientationLandscapeLeft UIInterfaceOrientationLandscapeRight";
				INFOPLIST_KEY_UISupportedInterfaceOrientations_iPhone = "UIInterfaceOrientationPortrait UIInterfaceOrientationLandscapeLeft UIInterfaceOrientationLandscapeRight";
				LD_RUNPATH_SEARCH_PATHS = (
					"$(inherited)",
					"@executable_path/Frameworks",
				);
				MARKETING_VERSION = 1.0;
				PRODUCT_BUNDLE_IDENTIFIER = com.daitrandev.Upwork;
				PRODUCT_NAME = "$(TARGET_NAME)";
				SWIFT_EMIT_LOC_STRINGS = YES;
				SWIFT_VERSION = 5.0;
				TARGETED_DEVICE_FAMILY = "1,2";
			};
			name = Debug;
		};
		F8018233298F7E1D006E01F6 /* Release */ = {
			isa = XCBuildConfiguration;
			buildSettings = {
				ALWAYS_EMBED_SWIFT_STANDARD_LIBRARIES = YES;
				ASSETCATALOG_COMPILER_APPICON_NAME = AppIcon;
				ASSETCATALOG_COMPILER_GLOBAL_ACCENT_COLOR_NAME = AccentColor;
				CODE_SIGN_STYLE = Automatic;
				CURRENT_PROJECT_VERSION = 1;
				DEVELOPMENT_TEAM = 9QS4X9799G;
				GENERATE_INFOPLIST_FILE = YES;
				INFOPLIST_FILE = Upwork/Info.plist;
				INFOPLIST_KEY_UIApplicationSupportsIndirectInputEvents = YES;
				INFOPLIST_KEY_UILaunchStoryboardName = LaunchScreen;
				INFOPLIST_KEY_UIMainStoryboardFile = Main;
				INFOPLIST_KEY_UISupportedInterfaceOrientations_iPad = "UIInterfaceOrientationPortrait UIInterfaceOrientationPortraitUpsideDown UIInterfaceOrientationLandscapeLeft UIInterfaceOrientationLandscapeRight";
				INFOPLIST_KEY_UISupportedInterfaceOrientations_iPhone = "UIInterfaceOrientationPortrait UIInterfaceOrientationLandscapeLeft UIInterfaceOrientationLandscapeRight";
				LD_RUNPATH_SEARCH_PATHS = (
					"$(inherited)",
					"@executable_path/Frameworks",
				);
				MARKETING_VERSION = 1.0;
				PRODUCT_BUNDLE_IDENTIFIER = com.daitrandev.Upwork;
				PRODUCT_NAME = "$(TARGET_NAME)";
				SWIFT_EMIT_LOC_STRINGS = YES;
				SWIFT_VERSION = 5.0;
				TARGETED_DEVICE_FAMILY = "1,2";
			};
			name = Release;
		};
		F87854D62990D0C800EC699F /* Debug */ = {
			isa = XCBuildConfiguration;
			buildSettings = {
				CLANG_ENABLE_MODULES = YES;
				CODE_SIGN_STYLE = Automatic;
				CURRENT_PROJECT_VERSION = 1;
				DEFINES_MODULE = YES;
				DEVELOPMENT_TEAM = 9QS4X9799G;
				DYLIB_COMPATIBILITY_VERSION = 1;
				DYLIB_CURRENT_VERSION = 1;
				DYLIB_INSTALL_NAME_BASE = "@rpath";
				GENERATE_INFOPLIST_FILE = YES;
				INFOPLIST_KEY_NSHumanReadableCopyright = "";
				INSTALL_PATH = "$(LOCAL_LIBRARY_DIR)/Frameworks";
				LD_RUNPATH_SEARCH_PATHS = (
					"$(inherited)",
					"@executable_path/Frameworks",
					"@loader_path/Frameworks",
				);
				MARKETING_VERSION = 1.0;
				PRODUCT_BUNDLE_IDENTIFIER = com.daitrandev.Tracking;
				PRODUCT_NAME = "$(TARGET_NAME:c99extidentifier)";
				SKIP_INSTALL = YES;
				SWIFT_EMIT_LOC_STRINGS = YES;
				SWIFT_OPTIMIZATION_LEVEL = "-Onone";
				SWIFT_VERSION = 5.0;
				TARGETED_DEVICE_FAMILY = "1,2";
				VERSIONING_SYSTEM = "apple-generic";
				VERSION_INFO_PREFIX = "";
			};
			name = Debug;
		};
		F87854D72990D0C800EC699F /* Release */ = {
			isa = XCBuildConfiguration;
			buildSettings = {
				CLANG_ENABLE_MODULES = YES;
				CODE_SIGN_STYLE = Automatic;
				CURRENT_PROJECT_VERSION = 1;
				DEFINES_MODULE = YES;
				DEVELOPMENT_TEAM = 9QS4X9799G;
				DYLIB_COMPATIBILITY_VERSION = 1;
				DYLIB_CURRENT_VERSION = 1;
				DYLIB_INSTALL_NAME_BASE = "@rpath";
				GENERATE_INFOPLIST_FILE = YES;
				INFOPLIST_KEY_NSHumanReadableCopyright = "";
				INSTALL_PATH = "$(LOCAL_LIBRARY_DIR)/Frameworks";
				LD_RUNPATH_SEARCH_PATHS = (
					"$(inherited)",
					"@executable_path/Frameworks",
					"@loader_path/Frameworks",
				);
				MARKETING_VERSION = 1.0;
				PRODUCT_BUNDLE_IDENTIFIER = com.daitrandev.Tracking;
				PRODUCT_NAME = "$(TARGET_NAME:c99extidentifier)";
				SKIP_INSTALL = YES;
				SWIFT_EMIT_LOC_STRINGS = YES;
				SWIFT_VERSION = 5.0;
				TARGETED_DEVICE_FAMILY = "1,2";
				VERSIONING_SYSTEM = "apple-generic";
				VERSION_INFO_PREFIX = "";
			};
			name = Release;
		};
/* End XCBuildConfiguration section */

/* Begin XCConfigurationList section */
		F8018218298F7E1C006E01F6 /* Build configuration list for PBXProject "Upwork" */ = {
			isa = XCConfigurationList;
			buildConfigurations = (
				F801822F298F7E1D006E01F6 /* Debug */,
				F8018230298F7E1D006E01F6 /* Release */,
			);
			defaultConfigurationIsVisible = 0;
			defaultConfigurationName = Release;
		};
		F8018231298F7E1D006E01F6 /* Build configuration list for PBXNativeTarget "Upwork" */ = {
			isa = XCConfigurationList;
			buildConfigurations = (
				F8018232298F7E1D006E01F6 /* Debug */,
				F8018233298F7E1D006E01F6 /* Release */,
			);
			defaultConfigurationIsVisible = 0;
			defaultConfigurationName = Release;
		};
		F87854D82990D0C800EC699F /* Build configuration list for PBXNativeTarget "Tracking" */ = {
			isa = XCConfigurationList;
			buildConfigurations = (
				F87854D62990D0C800EC699F /* Debug */,
				F87854D72990D0C800EC699F /* Release */,
			);
			defaultConfigurationIsVisible = 0;
			defaultConfigurationName = Release;
		};
/* End XCConfigurationList section */
	};
	rootObject = F8018215298F7E1C006E01F6 /* Project object */;
}
